
Microsoft Visual Studio Solution File, Format Version 12.00
# Visual Studio 15
Project("{FAE04EC0-301F-11D3-BF4B-00C04F79EFBC}") = "threeplatforms.Android", "threeplatforms.Android\threeplatforms.Android.csproj", "{B172FE07-0AE2-49A3-8AFD-BAA0D8FA4A03}"
EndProject
Project("{FAE04EC0-301F-11D3-BF4B-00C04F79EFBC}") = "threeplatforms.iOS", "threeplatforms.iOS\threeplatforms.iOS.csproj", "{04FCDAAE-4CBA-4F28-85BB-991A7C5532D9}"
EndProject
Project("{D954291E-2A0B-460D-934E-DC6B0785DB48}") = "threeplatforms", "threeplatforms\threeplatforms.shproj", "{393B4F5D-D687-4E4D-9F5D-9E2C6EF8D65E}"
EndProject
Project("{FAE04EC0-301F-11D3-BF4B-00C04F79EFBC}") = "threeplatforms.macOS", "threeplatforms.macOS\threeplatforms.macOS.csproj", "{8F25DAD3-66D0-4C07-8882-68614AD98C0E}"
EndProject
Global
	GlobalSection(SolutionConfigurationPlatforms) = preSolution
		Debug|Any CPU = Debug|Any CPU
		Release|Any CPU = Release|Any CPU
		Debug|iPhoneSimulator = Debug|iPhoneSimulator
		Release|iPhoneSimulator = Release|iPhoneSimulator
		Debug|iPhone = Debug|iPhone
		Release|iPhone = Release|iPhone
		Ad-Hoc|iPhone = Ad-Hoc|iPhone
		AppStore|iPhone = AppStore|iPhone
	EndGlobalSection
	GlobalSection(ProjectConfigurationPlatforms) = postSolution
		{B172FE07-0AE2-49A3-8AFD-BAA0D8FA4A03}.Debug|Any CPU.ActiveCfg = Debug|Any CPU
		{B172FE07-0AE2-49A3-8AFD-BAA0D8FA4A03}.Debug|Any CPU.Build.0 = Debug|Any CPU
		{B172FE07-0AE2-49A3-8AFD-BAA0D8FA4A03}.Release|Any CPU.ActiveCfg = Release|Any CPU
		{B172FE07-0AE2-49A3-8AFD-BAA0D8FA4A03}.Release|Any CPU.Build.0 = Release|Any CPU
		{B172FE07-0AE2-49A3-8AFD-BAA0D8FA4A03}.Debug|iPhoneSimulator.ActiveCfg = Debug|Any CPU
		{B172FE07-0AE2-49A3-8AFD-BAA0D8FA4A03}.Debug|iPhoneSimulator.Build.0 = Debug|Any CPU
		{B172FE07-0AE2-49A3-8AFD-BAA0D8FA4A03}.Release|iPhoneSimulator.ActiveCfg = Release|Any CPU
		{B172FE07-0AE2-49A3-8AFD-BAA0D8FA4A03}.Release|iPhoneSimulator.Build.0 = Release|Any CPU
		{B172FE07-0AE2-49A3-8AFD-BAA0D8FA4A03}.Debug|iPhone.ActiveCfg = Debug|Any CPU
		{B172FE07-0AE2-49A3-8AFD-BAA0D8FA4A03}.Debug|iPhone.Build.0 = Debug|Any CPU
		{B172FE07-0AE2-49A3-8AFD-BAA0D8FA4A03}.Release|iPhone.ActiveCfg = Release|Any CPU
		{B172FE07-0AE2-49A3-8AFD-BAA0D8FA4A03}.Release|iPhone.Build.0 = Release|Any CPU
		{B172FE07-0AE2-49A3-8AFD-BAA0D8FA4A03}.Ad-Hoc|iPhone.ActiveCfg = Debug|Any CPU
		{B172FE07-0AE2-49A3-8AFD-BAA0D8FA4A03}.Ad-Hoc|iPhone.Build.0 = Debug|Any CPU
		{B172FE07-0AE2-49A3-8AFD-BAA0D8FA4A03}.AppStore|iPhone.ActiveCfg = Debug|Any CPU
		{B172FE07-0AE2-49A3-8AFD-BAA0D8FA4A03}.AppStore|iPhone.Build.0 = Debug|Any CPU
		{04FCDAAE-4CBA-4F28-85BB-991A7C5532D9}.Debug|Any CPU.ActiveCfg = Debug|iPhoneSimulator
		{04FCDAAE-4CBA-4F28-85BB-991A7C5532D9}.Debug|Any CPU.Build.0 = Debug|iPhoneSimulator
		{04FCDAAE-4CBA-4F28-85BB-991A7C5532D9}.Release|Any CPU.ActiveCfg = Release|iPhoneSimulator
		{04FCDAAE-4CBA-4F28-85BB-991A7C5532D9}.Release|Any CPU.Build.0 = Release|iPhoneSimulator
		{04FCDAAE-4CBA-4F28-85BB-991A7C5532D9}.Debug|iPhoneSimulator.ActiveCfg = Debug|iPhoneSimulator
		{04FCDAAE-4CBA-4F28-85BB-991A7C5532D9}.Debug|iPhoneSimulator.Build.0 = Debug|iPhoneSimulator
		{04FCDAAE-4CBA-4F28-85BB-991A7C5532D9}.Release|iPhoneSimulator.ActiveCfg = Release|iPhoneSimulator
		{04FCDAAE-4CBA-4F28-85BB-991A7C5532D9}.Release|iPhoneSimulator.Build.0 = Release|iPhoneSimulator
		{04FCDAAE-4CBA-4F28-85BB-991A7C5532D9}.Debug|iPhone.ActiveCfg = Debug|iPhone
		{04FCDAAE-4CBA-4F28-85BB-991A7C5532D9}.Debug|iPhone.Build.0 = Debug|iPhone
		{04FCDAAE-4CBA-4F28-85BB-991A7C5532D9}.Release|iPhone.ActiveCfg = Release|iPhone
		{04FCDAAE-4CBA-4F28-85BB-991A7C5532D9}.Release|iPhone.Build.0 = Release|iPhone
		{04FCDAAE-4CBA-4F28-85BB-991A7C5532D9}.Ad-Hoc|iPhone.ActiveCfg = Ad-Hoc|iPhone
		{04FCDAAE-4CBA-4F28-85BB-991A7C5532D9}.Ad-Hoc|iPhone.Build.0 = Ad-Hoc|iPhone
		{04FCDAAE-4CBA-4F28-85BB-991A7C5532D9}.AppStore|iPhone.ActiveCfg = AppStore|iPhone
		{04FCDAAE-4CBA-4F28-85BB-991A7C5532D9}.AppStore|iPhone.Build.0 = AppStore|iPhone
		{8F25DAD3-66D0-4C07-8882-68614AD98C0E}.Debug|Any CPU.ActiveCfg = Debug|Any CPU
		{8F25DAD3-66D0-4C07-8882-68614AD98C0E}.Debug|Any CPU.Build.0 = Debug|Any CPU
		{8F25DAD3-66D0-4C07-8882-68614AD98C0E}.Release|Any CPU.ActiveCfg = Release|Any CPU
		{8F25DAD3-66D0-4C07-8882-68614AD98C0E}.Release|Any CPU.Build.0 = Release|Any CPU
		{8F25DAD3-66D0-4C07-8882-68614AD98C0E}.Debug|iPhoneSimulator.ActiveCfg = Debug|Any CPU
		{8F25DAD3-66D0-4C07-8882-68614AD98C0E}.Debug|iPhoneSimulator.Build.0 = Debug|Any CPU
		{8F25DAD3-66D0-4C07-8882-68614AD98C0E}.Release|iPhoneSimulator.ActiveCfg = Release|Any CPU
		{8F25DAD3-66D0-4C07-8882-68614AD98C0E}.Release|iPhoneSimulator.Build.0 = Release|Any CPU
		{8F25DAD3-66D0-4C07-8882-68614AD98C0E}.Debug|iPhone.ActiveCfg = Debug|Any CPU
		{8F25DAD3-66D0-4C07-8882-68614AD98C0E}.Debug|iPhone.Build.0 = Debug|Any CPU
		{8F25DAD3-66D0-4C07-8882-68614AD98C0E}.Release|iPhone.ActiveCfg = Release|Any CPU
		{8F25DAD3-66D0-4C07-8882-68614AD98C0E}.Release|iPhone.Build.0 = Release|Any CPU
		{8F25DAD3-66D0-4C07-8882-68614AD98C0E}.Ad-Hoc|iPhone.ActiveCfg = Debug|Any CPU
		{8F25DAD3-66D0-4C07-8882-68614AD98C0E}.Ad-Hoc|iPhone.Build.0 = Debug|Any CPU
		{8F25DAD3-66D0-4C07-8882-68614AD98C0E}.AppStore|iPhone.ActiveCfg = Debug|Any CPU
		{8F25DAD3-66D0-4C07-8882-68614AD98C0E}.AppStore|iPhone.Build.0 = Debug|Any CPU
	EndGlobalSection
EndGlobal
